
Microsoft Visual Studio Solution File, Format Version 12.00
# Visual Studio Version 16
VisualStudioVersion = 16.0.30717.126
MinimumVisualStudioVersion = 10.0.40219.1
Project("{9A19103F-16F7-4668-BE54-9A1E7A4F7556}") = "RetroBar", "RetroBar\RetroBar.csproj", "{9D976354-1F87-415C-9AB1-5DC50350CBFC}"
EndProject
Global
	GlobalSection(SolutionConfigurationPlatforms) = preSolution
		Debug|Any CPU = Debug|Any CPU
		Debug|x64 = Debug|x64
		Release|Any CPU = Release|Any CPU
		Release|x64 = Release|x64
	EndGlobalSection
	GlobalSection(ProjectConfigurationPlatforms) = postSolution
		{9D976354-1F87-415C-9AB1-5DC50350CBFC}.Debug|Any CPU.ActiveCfg = Debug|Any CPU
		{9D976354-1F87-415C-9AB1-5DC50350CBFC}.Debug|Any CPU.Build.0 = Debug|Any CPU
		{9D976354-1F87-415C-9AB1-5DC50350CBFC}.Debug|x64.ActiveCfg = Debug|Any CPU
		{9D976354-1F87-415C-9AB1-5DC50350CBFC}.Debug|x64.Build.0 = Debug|Any CPU
		{9D976354-1F87-415C-9AB1-5DC50350CBFC}.Release|Any CPU.ActiveCfg = Release|Any CPU
		{9D976354-1F87-415C-9AB1-5DC50350CBFC}.Release|Any CPU.Build.0 = Release|Any CPU
		{9D976354-1F87-415C-9AB1-5DC50350CBFC}.Release|x64.ActiveCfg = Release|Any CPU
		{9D976354-1F87-415C-9AB1-5DC50350CBFC}.Release|x64.Build.0 = Release|Any CPU
	EndGlobalSection
	GlobalSection(SolutionProperties) = preSolution
		HideSolutionNode = FALSE
	EndGlobalSection
	GlobalSection(ExtensibilityGlobals) = postSolution
		SolutionGuid = {580647D7-D273-4B27-9657-356B345C97BC}
	EndGlobalSection
EndGlobal
